
Microsoft Visual Studio Solution File, Format Version 12.00
# Visual Studio Version 16
VisualStudioVersion = 16.0.29201.188
MinimumVisualStudioVersion = 10.0.40219.1
Project("{9A19103F-16F7-4668-BE54-9A1E7A4F7556}") = "BE", "BE\BE.csproj", "{2AC2D2F8-FEBE-4F4C-A230-86D8822A4A2C}"
EndProject
Project("{FAE04EC0-301F-11D3-BF4B-00C04F79EFBC}") = "BE.UnitTests", "BE.UnitTests\BE.UnitTests.csproj", "{47C1C000-C5BD-4193-8A6F-2164B999B193}"
EndProject
Project("{FAE04EC0-301F-11D3-BF4B-00C04F79EFBC}") = "BE.UnitTests.Xunit", "BE.UnitTests.Xunit\BE.UnitTests.Xunit.csproj", "{51605F6E-0881-4B31-8688-010FAFC6A253}"
EndProject
Project("{FAE04EC0-301F-11D3-BF4B-00C04F79EFBC}") = "BE.DataFiller", "BE.DataFiller\BE.DataFiller.csproj", "{C4882E65-CF7A-45B3-99F5-9E00D64FB817}"
EndProject
Global
	GlobalSection(SolutionConfigurationPlatforms) = preSolution
		Debug|Any CPU = Debug|Any CPU
		Release|Any CPU = Release|Any CPU
	EndGlobalSection
	GlobalSection(ProjectConfigurationPlatforms) = postSolution
		{2AC2D2F8-FEBE-4F4C-A230-86D8822A4A2C}.Debug|Any CPU.ActiveCfg = Debug|Any CPU
		{2AC2D2F8-FEBE-4F4C-A230-86D8822A4A2C}.Debug|Any CPU.Build.0 = Debug|Any CPU
		{2AC2D2F8-FEBE-4F4C-A230-86D8822A4A2C}.Release|Any CPU.ActiveCfg = Release|Any CPU
		{2AC2D2F8-FEBE-4F4C-A230-86D8822A4A2C}.Release|Any CPU.Build.0 = Release|Any CPU
		{47C1C000-C5BD-4193-8A6F-2164B999B193}.Debug|Any CPU.ActiveCfg = Debug|Any CPU
		{47C1C000-C5BD-4193-8A6F-2164B999B193}.Debug|Any CPU.Build.0 = Debug|Any CPU
		{47C1C000-C5BD-4193-8A6F-2164B999B193}.Release|Any CPU.ActiveCfg = Release|Any CPU
		{47C1C000-C5BD-4193-8A6F-2164B999B193}.Release|Any CPU.Build.0 = Release|Any CPU
		{51605F6E-0881-4B31-8688-010FAFC6A253}.Debug|Any CPU.ActiveCfg = Debug|Any CPU
		{51605F6E-0881-4B31-8688-010FAFC6A253}.Debug|Any CPU.Build.0 = Debug|Any CPU
		{51605F6E-0881-4B31-8688-010FAFC6A253}.Release|Any CPU.ActiveCfg = Release|Any CPU
		{51605F6E-0881-4B31-8688-010FAFC6A253}.Release|Any CPU.Build.0 = Release|Any CPU
		{C4882E65-CF7A-45B3-99F5-9E00D64FB817}.Debug|Any CPU.ActiveCfg = Debug|Any CPU
		{C4882E65-CF7A-45B3-99F5-9E00D64FB817}.Debug|Any CPU.Build.0 = Debug|Any CPU
		{C4882E65-CF7A-45B3-99F5-9E00D64FB817}.Release|Any CPU.ActiveCfg = Release|Any CPU
		{C4882E65-CF7A-45B3-99F5-9E00D64FB817}.Release|Any CPU.Build.0 = Release|Any CPU
	EndGlobalSection
	GlobalSection(SolutionProperties) = preSolution
		HideSolutionNode = FALSE
	EndGlobalSection
	GlobalSection(ExtensibilityGlobals) = postSolution
		SolutionGuid = {BFF0E3D6-720F-4048-976F-7085BDF52385}
	EndGlobalSection
EndGlobal
