
Microsoft Visual Studio Solution File, Format Version 12.00
# Visual Studio Version 16
VisualStudioVersion = 16.0.29201.188
MinimumVisualStudioVersion = 10.0.40219.1
Project("{9A19103F-16F7-4668-BE54-9A1E7A4F7556}") = "BE", "BE\BE.csproj", "{2AC2D2F8-FEBE-4F4C-A230-86D8822A4A2C}"
EndProject
Project("{FAE04EC0-301F-11D3-BF4B-00C04F79EFBC}") = "JSONWebToken", "JSONWebToken\JSONWebToken.csproj", "{4F6CC6D3-1805-4CB5-BF9A-C02F290EC6C1}"
EndProject
Project("{FAE04EC0-301F-11D3-BF4B-00C04F79EFBC}") = "BE.UnitTests", "BE.UnitTests\BE.UnitTests.csproj", "{FEA8B748-8722-40CE-9058-7DE50F90AB7A}"
EndProject
Global
	GlobalSection(SolutionConfigurationPlatforms) = preSolution
		Debug|Any CPU = Debug|Any CPU
		Release|Any CPU = Release|Any CPU
	EndGlobalSection
	GlobalSection(ProjectConfigurationPlatforms) = postSolution
		{2AC2D2F8-FEBE-4F4C-A230-86D8822A4A2C}.Debug|Any CPU.ActiveCfg = Debug|Any CPU
		{2AC2D2F8-FEBE-4F4C-A230-86D8822A4A2C}.Debug|Any CPU.Build.0 = Debug|Any CPU
		{2AC2D2F8-FEBE-4F4C-A230-86D8822A4A2C}.Release|Any CPU.ActiveCfg = Release|Any CPU
		{2AC2D2F8-FEBE-4F4C-A230-86D8822A4A2C}.Release|Any CPU.Build.0 = Release|Any CPU
		{4F6CC6D3-1805-4CB5-BF9A-C02F290EC6C1}.Debug|Any CPU.ActiveCfg = Debug|Any CPU
		{4F6CC6D3-1805-4CB5-BF9A-C02F290EC6C1}.Debug|Any CPU.Build.0 = Debug|Any CPU
		{4F6CC6D3-1805-4CB5-BF9A-C02F290EC6C1}.Release|Any CPU.ActiveCfg = Release|Any CPU
		{4F6CC6D3-1805-4CB5-BF9A-C02F290EC6C1}.Release|Any CPU.Build.0 = Release|Any CPU
		{FEA8B748-8722-40CE-9058-7DE50F90AB7A}.Debug|Any CPU.ActiveCfg = Debug|Any CPU
		{FEA8B748-8722-40CE-9058-7DE50F90AB7A}.Debug|Any CPU.Build.0 = Debug|Any CPU
		{FEA8B748-8722-40CE-9058-7DE50F90AB7A}.Release|Any CPU.ActiveCfg = Release|Any CPU
		{FEA8B748-8722-40CE-9058-7DE50F90AB7A}.Release|Any CPU.Build.0 = Release|Any CPU
	EndGlobalSection
	GlobalSection(SolutionProperties) = preSolution
		HideSolutionNode = FALSE
	EndGlobalSection
	GlobalSection(ExtensibilityGlobals) = postSolution
		SolutionGuid = {BFF0E3D6-720F-4048-976F-7085BDF52385}
	EndGlobalSection
EndGlobal
